
Microsoft Visual Studio Solution File, Format Version 12.00
# Visual Studio Version 16
VisualStudioVersion = 16.0.30204.135
MinimumVisualStudioVersion = 10.0.40219.1
Project("{FAE04EC0-301F-11D3-BF4B-00C04F79EFBC}") = "PPeXTests", "PPeXTests\PPeXTests.csproj", "{201A8C09-A18A-4C32-B112-292387AA24E9}"
EndProject
Project("{9A19103F-16F7-4668-BE54-9A1E7A4F7556}") = "PPeX", "PPeX\PPeX.csproj", "{E578F360-21E7-440C-AE37-CF30C611A249}"
EndProject
Project("{FAE04EC0-301F-11D3-BF4B-00C04F79EFBC}") = "PPeXM64", "PPeXM64\PPeXM64.csproj", "{84FFFBF4-4C93-4E1E-801E-FAFB88A81336}"
EndProject
Project("{FAE04EC0-301F-11D3-BF4B-00C04F79EFBC}") = "PPeX-CLI", "PPeX-CLI\PPeX-CLI.csproj", "{7979C4C9-421C-4F21-A51A-0F5FDCA868E6}"
EndProject
Project("{FAE04EC0-301F-11D3-BF4B-00C04F79EFBC}") = "PPeXUI", "PPeXUI\PPeXUI.csproj", "{FD10CCC1-587F-469F-860C-05313E902009}"
EndProject
Global
	GlobalSection(SolutionConfigurationPlatforms) = preSolution
		Debug|Any CPU = Debug|Any CPU
		Debug|Windows = Debug|Windows
		Debug|Wine = Debug|Wine
		Release|Any CPU = Release|Any CPU
		Release|Windows = Release|Windows
		Release|Wine = Release|Wine
	EndGlobalSection
	GlobalSection(ProjectConfigurationPlatforms) = postSolution
		{201A8C09-A18A-4C32-B112-292387AA24E9}.Debug|Any CPU.ActiveCfg = Debug|Any CPU
		{201A8C09-A18A-4C32-B112-292387AA24E9}.Debug|Any CPU.Build.0 = Debug|Any CPU
		{201A8C09-A18A-4C32-B112-292387AA24E9}.Debug|Windows.ActiveCfg = Debug|Any CPU
		{201A8C09-A18A-4C32-B112-292387AA24E9}.Debug|Windows.Build.0 = Debug|Any CPU
		{201A8C09-A18A-4C32-B112-292387AA24E9}.Debug|Wine.ActiveCfg = Debug|Any CPU
		{201A8C09-A18A-4C32-B112-292387AA24E9}.Debug|Wine.Build.0 = Debug|Any CPU
		{201A8C09-A18A-4C32-B112-292387AA24E9}.Release|Any CPU.ActiveCfg = Release|Any CPU
		{201A8C09-A18A-4C32-B112-292387AA24E9}.Release|Any CPU.Build.0 = Release|Any CPU
		{201A8C09-A18A-4C32-B112-292387AA24E9}.Release|Windows.ActiveCfg = Debug|Any CPU
		{201A8C09-A18A-4C32-B112-292387AA24E9}.Release|Windows.Build.0 = Debug|Any CPU
		{201A8C09-A18A-4C32-B112-292387AA24E9}.Release|Wine.ActiveCfg = Debug|Any CPU
		{E578F360-21E7-440C-AE37-CF30C611A249}.Debug|Any CPU.ActiveCfg = Debug|Any CPU
		{E578F360-21E7-440C-AE37-CF30C611A249}.Debug|Any CPU.Build.0 = Debug|Any CPU
		{E578F360-21E7-440C-AE37-CF30C611A249}.Debug|Windows.ActiveCfg = Debug|Any CPU
		{E578F360-21E7-440C-AE37-CF30C611A249}.Debug|Windows.Build.0 = Debug|Any CPU
		{E578F360-21E7-440C-AE37-CF30C611A249}.Debug|Wine.ActiveCfg = Debug|Any CPU
		{E578F360-21E7-440C-AE37-CF30C611A249}.Debug|Wine.Build.0 = Debug|Any CPU
		{E578F360-21E7-440C-AE37-CF30C611A249}.Release|Any CPU.ActiveCfg = Release|Any CPU
		{E578F360-21E7-440C-AE37-CF30C611A249}.Release|Any CPU.Build.0 = Release|Any CPU
		{E578F360-21E7-440C-AE37-CF30C611A249}.Release|Windows.ActiveCfg = Release|Any CPU
		{E578F360-21E7-440C-AE37-CF30C611A249}.Release|Windows.Build.0 = Release|Any CPU
		{E578F360-21E7-440C-AE37-CF30C611A249}.Release|Wine.ActiveCfg = Release|Any CPU
		{E578F360-21E7-440C-AE37-CF30C611A249}.Release|Wine.Build.0 = Release|Any CPU
		{84FFFBF4-4C93-4E1E-801E-FAFB88A81336}.Debug|Any CPU.ActiveCfg = Debug|Any CPU
		{84FFFBF4-4C93-4E1E-801E-FAFB88A81336}.Debug|Any CPU.Build.0 = Debug|Any CPU
		{84FFFBF4-4C93-4E1E-801E-FAFB88A81336}.Debug|Windows.ActiveCfg = Debug|Any CPU
		{84FFFBF4-4C93-4E1E-801E-FAFB88A81336}.Debug|Windows.Build.0 = Debug|Any CPU
		{84FFFBF4-4C93-4E1E-801E-FAFB88A81336}.Debug|Wine.ActiveCfg = Debug|Any CPU
		{84FFFBF4-4C93-4E1E-801E-FAFB88A81336}.Debug|Wine.Build.0 = Debug|Any CPU
		{84FFFBF4-4C93-4E1E-801E-FAFB88A81336}.Release|Any CPU.ActiveCfg = Release|Any CPU
		{84FFFBF4-4C93-4E1E-801E-FAFB88A81336}.Release|Any CPU.Build.0 = Release|Any CPU
		{84FFFBF4-4C93-4E1E-801E-FAFB88A81336}.Release|Windows.ActiveCfg = Release|Any CPU
		{84FFFBF4-4C93-4E1E-801E-FAFB88A81336}.Release|Windows.Build.0 = Release|Any CPU
		{84FFFBF4-4C93-4E1E-801E-FAFB88A81336}.Release|Wine.ActiveCfg = Release|Any CPU
		{84FFFBF4-4C93-4E1E-801E-FAFB88A81336}.Release|Wine.Build.0 = Release|Any CPU
		{7979C4C9-421C-4F21-A51A-0F5FDCA868E6}.Debug|Any CPU.ActiveCfg = Debug|Any CPU
		{7979C4C9-421C-4F21-A51A-0F5FDCA868E6}.Debug|Any CPU.Build.0 = Debug|Any CPU
		{7979C4C9-421C-4F21-A51A-0F5FDCA868E6}.Debug|Windows.ActiveCfg = Debug|Any CPU
		{7979C4C9-421C-4F21-A51A-0F5FDCA868E6}.Debug|Windows.Build.0 = Debug|Any CPU
		{7979C4C9-421C-4F21-A51A-0F5FDCA868E6}.Debug|Wine.ActiveCfg = Debug|Any CPU
		{7979C4C9-421C-4F21-A51A-0F5FDCA868E6}.Debug|Wine.Build.0 = Debug|Any CPU
		{7979C4C9-421C-4F21-A51A-0F5FDCA868E6}.Release|Any CPU.ActiveCfg = Release|Any CPU
		{7979C4C9-421C-4F21-A51A-0F5FDCA868E6}.Release|Any CPU.Build.0 = Release|Any CPU
		{7979C4C9-421C-4F21-A51A-0F5FDCA868E6}.Release|Windows.ActiveCfg = Release|Any CPU
		{7979C4C9-421C-4F21-A51A-0F5FDCA868E6}.Release|Windows.Build.0 = Release|Any CPU
		{7979C4C9-421C-4F21-A51A-0F5FDCA868E6}.Release|Wine.ActiveCfg = Release|Any CPU
		{7979C4C9-421C-4F21-A51A-0F5FDCA868E6}.Release|Wine.Build.0 = Release|Any CPU
		{FD10CCC1-587F-469F-860C-05313E902009}.Debug|Any CPU.ActiveCfg = Debug|Any CPU
		{FD10CCC1-587F-469F-860C-05313E902009}.Debug|Any CPU.Build.0 = Debug|Any CPU
		{FD10CCC1-587F-469F-860C-05313E902009}.Debug|Windows.ActiveCfg = Debug|Any CPU
		{FD10CCC1-587F-469F-860C-05313E902009}.Debug|Windows.Build.0 = Debug|Any CPU
		{FD10CCC1-587F-469F-860C-05313E902009}.Debug|Wine.ActiveCfg = Debug|Any CPU
		{FD10CCC1-587F-469F-860C-05313E902009}.Debug|Wine.Build.0 = Debug|Any CPU
		{FD10CCC1-587F-469F-860C-05313E902009}.Release|Any CPU.ActiveCfg = Release|Any CPU
		{FD10CCC1-587F-469F-860C-05313E902009}.Release|Any CPU.Build.0 = Release|Any CPU
		{FD10CCC1-587F-469F-860C-05313E902009}.Release|Windows.ActiveCfg = Release|Any CPU
		{FD10CCC1-587F-469F-860C-05313E902009}.Release|Windows.Build.0 = Release|Any CPU
		{FD10CCC1-587F-469F-860C-05313E902009}.Release|Wine.ActiveCfg = Release|Any CPU
		{FD10CCC1-587F-469F-860C-05313E902009}.Release|Wine.Build.0 = Release|Any CPU
	EndGlobalSection
	GlobalSection(SolutionProperties) = preSolution
		HideSolutionNode = FALSE
	EndGlobalSection
	GlobalSection(ExtensibilityGlobals) = postSolution
		SolutionGuid = {EC8922CD-B413-4BA2-B7CF-ACF779DE25E6}
	EndGlobalSection
EndGlobal
